
Microsoft Visual Studio Solution File, Format Version 12.00
# Visual Studio Version 17
VisualStudioVersion = 17.1.32210.238
MinimumVisualStudioVersion = 10.0.40219.1
Project("{FAE04EC0-301F-11D3-BF4B-00C04F79EFBC}") = "AdrianCanas", "AdrianCanas.csproj", "{34A48740-BA9C-462F-9397-F2E5EF79C3D1}"
EndProject
Global
	GlobalSection(SolutionConfigurationPlatforms) = preSolution
		Debug|Any CPU = Debug|Any CPU
		Release|Any CPU = Release|Any CPU
	EndGlobalSection
	GlobalSection(ProjectConfigurationPlatforms) = postSolution
		{34A48740-BA9C-462F-9397-F2E5EF79C3D1}.Debug|Any CPU.ActiveCfg = Debug|Any CPU
		{34A48740-BA9C-462F-9397-F2E5EF79C3D1}.Debug|Any CPU.Build.0 = Debug|Any CPU
		{34A48740-BA9C-462F-9397-F2E5EF79C3D1}.Release|Any CPU.ActiveCfg = Release|Any CPU
		{34A48740-BA9C-462F-9397-F2E5EF79C3D1}.Release|Any CPU.Build.0 = Release|Any CPU
	EndGlobalSection
	GlobalSection(SolutionProperties) = preSolution
		HideSolutionNode = FALSE
	EndGlobalSection
	GlobalSection(ExtensibilityGlobals) = postSolution
		SolutionGuid = {3503466F-2850-4B6B-AE73-82AAAE8FD26F}
	EndGlobalSection
EndGlobal
